
Microsoft Visual Studio Solution File, Format Version 11.00
# Visual Studio 2010
Project("{FAE04EC0-301F-11D3-BF4B-00C04F79EFBC}") = "Assembly-CSharp", "Assembly-CSharp.csproj", "{F7FEF0B9-1456-FA5F-D75F-9A7F250D23FE}"
EndProject
Global
	GlobalSection(SolutionConfigurationPlatforms) = preSolution
		Debug|Any CPU = Debug|Any CPU
		Release|Any CPU = Release|Any CPU
	EndGlobalSection
	GlobalSection(ProjectConfigurationPlatforms) = postSolution
		{F7FEF0B9-1456-FA5F-D75F-9A7F250D23FE}.Debug|Any CPU.ActiveCfg = Debug|Any CPU
		{F7FEF0B9-1456-FA5F-D75F-9A7F250D23FE}.Debug|Any CPU.Build.0 = Debug|Any CPU
		{F7FEF0B9-1456-FA5F-D75F-9A7F250D23FE}.Release|Any CPU.ActiveCfg = Release|Any CPU
		{F7FEF0B9-1456-FA5F-D75F-9A7F250D23FE}.Release|Any CPU.Build.0 = Release|Any CPU
	EndGlobalSection
	GlobalSection(SolutionProperties) = preSolution
		HideSolutionNode = FALSE
	EndGlobalSection
EndGlobal
